
Microsoft Visual Studio Solution File, Format Version 12.00
# Visual Studio Version 17
VisualStudioVersion = 17.3.32825.248
MinimumVisualStudioVersion = 10.0.40219.1
Project("{8BC9CEB8-8B4A-11D0-8D11-00A0C91BC942}") = "solanine_vulkan", "solanine_vulkan\solanine_vulkan.vcxproj", "{140495E9-7713-4736-8D34-57385AD3889E}"
EndProject
Project("{8BC9CEB8-8B4A-11D0-8D11-00A0C91BC942}") = "core", "core\core.vcxproj", "{3B549595-D7A2-4497-900C-8E997B1FEE13}"
EndProject
Global
	GlobalSection(SolutionConfigurationPlatforms) = preSolution
		Debug|x64 = Debug|x64
		Release|x64 = Release|x64
	EndGlobalSection
	GlobalSection(ProjectConfigurationPlatforms) = postSolution
		{140495E9-7713-4736-8D34-57385AD3889E}.Debug|x64.ActiveCfg = Debug|x64
		{140495E9-7713-4736-8D34-57385AD3889E}.Debug|x64.Build.0 = Debug|x64
		{140495E9-7713-4736-8D34-57385AD3889E}.Release|x64.ActiveCfg = Release|x64
		{140495E9-7713-4736-8D34-57385AD3889E}.Release|x64.Build.0 = Release|x64
		{3B549595-D7A2-4497-900C-8E997B1FEE13}.Debug|x64.ActiveCfg = Debug|x64
		{3B549595-D7A2-4497-900C-8E997B1FEE13}.Debug|x64.Build.0 = Debug|x64
		{3B549595-D7A2-4497-900C-8E997B1FEE13}.Release|x64.ActiveCfg = Release|x64
		{3B549595-D7A2-4497-900C-8E997B1FEE13}.Release|x64.Build.0 = Release|x64
	EndGlobalSection
	GlobalSection(SolutionProperties) = preSolution
		HideSolutionNode = FALSE
	EndGlobalSection
	GlobalSection(ExtensibilityGlobals) = postSolution
		SolutionGuid = {12CB0D30-987C-474B-A8AA-333093A39A31}
	EndGlobalSection
EndGlobal
