<?xml version="1.0" encoding="utf-8"?>
<Project ToolsVersion="4.0" xmlns="http://schemas.microsoft.com/developer/msbuild/2003">
  <ItemGroup>
    <Filter Include="Source Files">
      <UniqueIdentifier>{4FC737F1-C7A5-4376-A066-2A32D752A2FF}</UniqueIdentifier>
      <Extensions>cpp;c;cc;cxx;c++;cppm;ixx;def;odl;idl;hpj;bat;asm;asmx</Extensions>
    </Filter>
    <Filter Include="Header Files">
      <UniqueIdentifier>{93995380-89BD-4b04-88EB-625FBE52EBFB}</UniqueIdentifier>
      <Extensions>h;hh;hpp;hxx;h++;hm;inl;inc;ipp;xsd</Extensions>
    </Filter>
    <Filter Include="Resource Files">
      <UniqueIdentifier>{67DA6AB6-F800-4c08-8B7A-83BB121AAD01}</UniqueIdentifier>
      <Extensions>rc;ico;cur;bmp;dlg;rc2;rct;bin;rgs;gif;jpg;jpeg;jpe;resx;tiff;tif;png;wav;mfcribbon-ms</Extensions>
    </Filter>
    <Filter Include="Shader Files">
      <UniqueIdentifier>{d9151bbb-6ec8-4c3d-9889-50243c1045e1}</UniqueIdentifier>
    </Filter>
    <Filter Include="Header Files\imgui">
      <UniqueIdentifier>{12a29895-07f4-4f8b-b201-7076eced57a0}</UniqueIdentifier>
    </Filter>
    <Filter Include="Source Files\imgui">
      <UniqueIdentifier>{af1c0568-7c3a-4063-a380-cba3bbf45046}</UniqueIdentifier>
    </Filter>
    <Filter Include="Source Files\render_engine">
      <UniqueIdentifier>{4f2e3477-018c-43d8-883a-ebec7330091b}</UniqueIdentifier>
    </Filter>
    <Filter Include="Header Files\render_engine">
      <UniqueIdentifier>{e40c084b-0a1f-4c9a-927b-01630939a795}</UniqueIdentifier>
    </Filter>
    <Filter Include="Header Files\entity">
      <UniqueIdentifier>{2b18bbf0-e586-4378-afec-7e763a1d353c}</UniqueIdentifier>
    </Filter>
    <Filter Include="Source Files\entity">
      <UniqueIdentifier>{764c7b9d-9985-4de0-93d0-abb288f68ae3}</UniqueIdentifier>
    </Filter>
  </ItemGroup>
  <ItemGroup>
    <None Include="shader\filtercube.vert">
      <Filter>Shader Files</Filter>
    </None>
    <None Include="shader\genbrdflut.frag">
      <Filter>Shader Files</Filter>
    </None>
    <None Include="shader\genbrdflut.vert">
      <Filter>Shader Files</Filter>
    </None>
    <None Include="shader\irradiancecube.frag">
      <Filter>Shader Files</Filter>
    </None>
    <None Include="shader\pbr.vert">
      <Filter>Shader Files</Filter>
    </None>
    <None Include="shader\pbr_khr.frag">
      <Filter>Shader Files</Filter>
    </None>
    <None Include="shader\prefilterenvmap.frag">
      <Filter>Shader Files</Filter>
    </None>
    <None Include="shader\skybox.frag">
      <Filter>Shader Files</Filter>
    </None>
    <None Include="shader\skybox.vert">
      <Filter>Shader Files</Filter>
    </None>
    <None Include="shader\picking.frag">
      <Filter>Shader Files</Filter>
    </None>
    <None Include="shader\picking.vert">
      <Filter>Shader Files</Filter>
    </None>
    <None Include="shader\color.frag">
      <Filter>Shader Files</Filter>
    </None>
    <None Include="shader\debug_physics_object.vert">
      <Filter>Shader Files</Filter>
    </None>
    <None Include="shader\debug_physics_object.frag">
      <Filter>Shader Files</Filter>
    </None>
    <None Include="shader\shadow_depthpass.frag">
      <Filter>Shader Files</Filter>
    </None>
    <None Include="shader\shadow_depthpass.vert">
      <Filter>Shader Files</Filter>
    </None>
  </ItemGroup>
  <ItemGroup>
    <ClInclude Include="src\imgui\imconfig.h">
      <Filter>Header Files\imgui</Filter>
    </ClInclude>
    <ClInclude Include="src\imgui\imgui.h">
      <Filter>Header Files\imgui</Filter>
    </ClInclude>
    <ClInclude Include="src\imgui\imgui_internal.h">
      <Filter>Header Files\imgui</Filter>
    </ClInclude>
    <ClInclude Include="src\imgui\imstb_rectpack.h">
      <Filter>Header Files\imgui</Filter>
    </ClInclude>
    <ClInclude Include="src\imgui\imstb_textedit.h">
      <Filter>Header Files\imgui</Filter>
    </ClInclude>
    <ClInclude Include="src\imgui\imstb_truetype.h">
      <Filter>Header Files\imgui</Filter>
    </ClInclude>
    <ClInclude Include="src\imgui\imgui_impl_sdl.h">
      <Filter>Header Files\imgui</Filter>
    </ClInclude>
    <ClInclude Include="src\imgui\imgui_impl_vulkan.h">
      <Filter>Header Files\imgui</Filter>
    </ClInclude>
    <ClInclude Include="src\imgui\implot.h">
      <Filter>Header Files\imgui</Filter>
    </ClInclude>
    <ClInclude Include="src\imgui\implot_internal.h">
      <Filter>Header Files\imgui</Filter>
    </ClInclude>
    <ClInclude Include="src\InputManager.h">
      <Filter>Header Files</Filter>
    </ClInclude>
    <ClInclude Include="src\imgui\ImGuizmo.h">
      <Filter>Header Files\imgui</Filter>
    </ClInclude>
    <ClInclude Include="src\VulkanEngine.h">
      <Filter>Header Files\render_engine</Filter>
    </ClInclude>
    <ClInclude Include="src\VkBootstrap.h">
      <Filter>Header Files\render_engine</Filter>
    </ClInclude>
    <ClInclude Include="src\VkglTFModel.h">
      <Filter>Header Files\render_engine</Filter>
    </ClInclude>
    <ClInclude Include="src\VkInitializers.h">
      <Filter>Header Files\render_engine</Filter>
    </ClInclude>
    <ClInclude Include="src\VkTextures.h">
      <Filter>Header Files\render_engine</Filter>
    </ClInclude>
    <ClInclude Include="src\GLSLToSPIRVHelper.h">
      <Filter>Header Files\render_engine</Filter>
    </ClInclude>
    <ClInclude Include="src\Imports.h">
      <Filter>Header Files</Filter>
    </ClInclude>
    <ClInclude Include="src\PhysicsEngine.h">
      <Filter>Header Files</Filter>
    </ClInclude>
    <ClInclude Include="src\DataSerialization.h">
      <Filter>Header Files</Filter>
    </ClInclude>
    <ClInclude Include="src\SceneManagement.h">
      <Filter>Header Files</Filter>
    </ClInclude>
    <ClInclude Include="src\imgui\imgui_stdlib.h">
      <Filter>Header Files\imgui</Filter>
    </ClInclude>
    <ClInclude Include="src\Entity.h">
      <Filter>Header Files\entity</Filter>
    </ClInclude>
    <ClInclude Include="src\Player.h">
      <Filter>Header Files\entity</Filter>
    </ClInclude>
    <ClInclude Include="src\Yosemite.h">
      <Filter>Header Files\entity</Filter>
    </ClInclude>
    <ClInclude Include="src\VkDataStructures.h">
      <Filter>Header Files</Filter>
    </ClInclude>
    <ClInclude Include="src\Settings.h">
      <Filter>Header Files</Filter>
    </ClInclude>
    <ClInclude Include="src\Debug.h">
      <Filter>Header Files</Filter>
    </ClInclude>
    <ClInclude Include="src\ImportGLM.h">
      <Filter>Header Files</Filter>
    </ClInclude>
    <ClInclude Include="src\Camera.h">
      <Filter>Header Files\render_engine</Filter>
    </ClInclude>
    <ClInclude Include="src\EntityManager.h">
      <Filter>Header Files\entity</Filter>
    </ClInclude>
    <ClInclude Include="src\RenderObject.h">
      <Filter>Header Files\render_engine</Filter>
    </ClInclude>
    <ClInclude Include="src\StringHelper.h">
      <Filter>Header Files</Filter>
    </ClInclude>
    <ClInclude Include="src\GenerateGUID.h">
      <Filter>Header Files</Filter>
    </ClInclude>
    <ClInclude Include="src\AudioEngine.h">
      <Filter>Header Files</Filter>
    </ClInclude>
    <ClInclude Include="src\pch.h">
      <Filter>Header Files</Filter>
    </ClInclude>
    <ClInclude Include="src\ReplaySystem.h">
      <Filter>Header Files</Filter>
    </ClInclude>
    <ClInclude Include="src\GlobalState.h">
      <Filter>Header Files</Filter>
    </ClInclude>
  </ItemGroup>
  <ItemGroup>
    <ClCompile Include="src\Main.cpp">
      <Filter>Source Files</Filter>
    </ClCompile>
    <ClCompile Include="src\imgui\imgui.cpp">
      <Filter>Source Files\imgui</Filter>
    </ClCompile>
    <ClCompile Include="src\imgui\imgui_demo.cpp">
      <Filter>Source Files\imgui</Filter>
    </ClCompile>
    <ClCompile Include="src\imgui\imgui_draw.cpp">
      <Filter>Source Files\imgui</Filter>
    </ClCompile>
    <ClCompile Include="src\imgui\imgui_tables.cpp">
      <Filter>Source Files\imgui</Filter>
    </ClCompile>
    <ClCompile Include="src\imgui\imgui_widgets.cpp">
      <Filter>Source Files\imgui</Filter>
    </ClCompile>
    <ClCompile Include="src\imgui\imgui_impl_sdl.cpp">
      <Filter>Source Files\imgui</Filter>
    </ClCompile>
    <ClCompile Include="src\imgui\imgui_impl_vulkan.cpp">
      <Filter>Source Files\imgui</Filter>
    </ClCompile>
    <ClCompile Include="src\imgui\implot.cpp">
      <Filter>Source Files\imgui</Filter>
    </ClCompile>
    <ClCompile Include="src\imgui\implot_demo.cpp">
      <Filter>Source Files\imgui</Filter>
    </ClCompile>
    <ClCompile Include="src\imgui\implot_items.cpp">
      <Filter>Source Files\imgui</Filter>
    </ClCompile>
    <ClCompile Include="src\InputManager.cpp">
      <Filter>Source Files</Filter>
    </ClCompile>
    <ClCompile Include="src\imgui\ImGuizmo.cpp">
      <Filter>Source Files\imgui</Filter>
    </ClCompile>
    <ClCompile Include="src\VkBootstrap.cpp">
      <Filter>Source Files\render_engine</Filter>
    </ClCompile>
    <ClCompile Include="src\VkglTFModel.cpp">
      <Filter>Source Files\render_engine</Filter>
    </ClCompile>
    <ClCompile Include="src\VkInitializers.cpp">
      <Filter>Source Files\render_engine</Filter>
    </ClCompile>
    <ClCompile Include="src\VkTextures.cpp">
      <Filter>Source Files\render_engine</Filter>
    </ClCompile>
    <ClCompile Include="src\VulkanEngine.cpp">
      <Filter>Source Files\render_engine</Filter>
    </ClCompile>
    <ClCompile Include="src\PhysicsEngine.cpp">
      <Filter>Source Files</Filter>
    </ClCompile>
    <ClCompile Include="src\DataSerialization.cpp">
      <Filter>Source Files</Filter>
    </ClCompile>
    <ClCompile Include="src\SceneManagement.cpp">
      <Filter>Source Files</Filter>
    </ClCompile>
    <ClCompile Include="src\imgui\imgui_stdlib.cpp">
      <Filter>Source Files\imgui</Filter>
    </ClCompile>
    <ClCompile Include="src\Entity.cpp">
      <Filter>Source Files\entity</Filter>
    </ClCompile>
    <ClCompile Include="src\Player.cpp">
      <Filter>Source Files\entity</Filter>
    </ClCompile>
    <ClCompile Include="src\Yosemite.cpp">
      <Filter>Source Files\entity</Filter>
    </ClCompile>
    <ClCompile Include="src\Debug.cpp">
      <Filter>Source Files</Filter>
    </ClCompile>
    <ClCompile Include="src\EntityManager.cpp">
      <Filter>Source Files\entity</Filter>
    </ClCompile>
    <ClCompile Include="src\Camera.cpp">
      <Filter>Source Files\render_engine</Filter>
    </ClCompile>
    <ClCompile Include="src\RenderObject.cpp">
      <Filter>Source Files\render_engine</Filter>
    </ClCompile>
    <ClCompile Include="src\GenerateGUID.cpp">
      <Filter>Source Files</Filter>
    </ClCompile>
    <ClCompile Include="src\pch.cpp">
      <Filter>Source Files</Filter>
    </ClCompile>
    <ClCompile Include="src\AudioEngine.cpp">
      <Filter>Source Files</Filter>
    </ClCompile>
    <ClCompile Include="src\ReplaySystem.cpp">
      <Filter>Source Files</Filter>
    </ClCompile>
    <ClCompile Include="src\GlobalState.cpp">
      <Filter>Source Files</Filter>
    </ClCompile>
  </ItemGroup>
</Project>